
Microsoft Visual Studio Solution File, Format Version 12.00
# Visual Studio Version 17
VisualStudioVersion = 17.7.34018.315
MinimumVisualStudioVersion = 10.0.40219.1
Project("{FAE04EC0-301F-11D3-BF4B-00C04F79EFBC}") = "CreditCardExpenseControl.API", "CreditCardExpenseControl.API\CreditCardExpenseControl.API.csproj", "{39C26029-E8DA-4990-8E7F-AB258712C5E8}"
EndProject
Global
	GlobalSection(SolutionConfigurationPlatforms) = preSolution
		Debug|Any CPU = Debug|Any CPU
		Release|Any CPU = Release|Any CPU
	EndGlobalSection
	GlobalSection(ProjectConfigurationPlatforms) = postSolution
		{39C26029-E8DA-4990-8E7F-AB258712C5E8}.Debug|Any CPU.ActiveCfg = Debug|Any CPU
		{39C26029-E8DA-4990-8E7F-AB258712C5E8}.Debug|Any CPU.Build.0 = Debug|Any CPU
		{39C26029-E8DA-4990-8E7F-AB258712C5E8}.Release|Any CPU.ActiveCfg = Release|Any CPU
		{39C26029-E8DA-4990-8E7F-AB258712C5E8}.Release|Any CPU.Build.0 = Release|Any CPU
	EndGlobalSection
	GlobalSection(SolutionProperties) = preSolution
		HideSolutionNode = FALSE
	EndGlobalSection
	GlobalSection(ExtensibilityGlobals) = postSolution
		SolutionGuid = {B76BF8D2-62CA-47F9-9F66-C64A60611848}
	EndGlobalSection
EndGlobal
